
Microsoft Visual Studio Solution File, Format Version 12.00
# Visual Studio Version 17
VisualStudioVersion = 17.14.36616.10 d17.14
MinimumVisualStudioVersion = 10.0.40219.1
Project("{FAE04EC0-301F-11D3-BF4B-00C04F79EFBC}") = "graphic_editor", "graphic_editor\graphic_editor.csproj", "{83490EF2-5355-45B7-B98A-699CF1F012E3}"
EndProject
Global
	GlobalSection(SolutionConfigurationPlatforms) = preSolution
		Debug|Any CPU = Debug|Any CPU
		Release|Any CPU = Release|Any CPU
	EndGlobalSection
	GlobalSection(ProjectConfigurationPlatforms) = postSolution
		{83490EF2-5355-45B7-B98A-699CF1F012E3}.Debug|Any CPU.ActiveCfg = Debug|Any CPU
		{83490EF2-5355-45B7-B98A-699CF1F012E3}.Debug|Any CPU.Build.0 = Debug|Any CPU
		{83490EF2-5355-45B7-B98A-699CF1F012E3}.Release|Any CPU.ActiveCfg = Release|Any CPU
		{83490EF2-5355-45B7-B98A-699CF1F012E3}.Release|Any CPU.Build.0 = Release|Any CPU
	EndGlobalSection
	GlobalSection(SolutionProperties) = preSolution
		HideSolutionNode = FALSE
	EndGlobalSection
	GlobalSection(ExtensibilityGlobals) = postSolution
		SolutionGuid = {10DAD3D9-3CCB-422F-BA14-8A5A5497E5EE}
	EndGlobalSection
EndGlobal
